{
	"name": "test-package-lock",
	"version": "0.0.1",
	"lockfileVersion": 2,
	"requires": true,
	"packages": {
		"": {
			"devDependencies": {
				"ok-01": "^1.0.0",
				"ok-02": "^1.4.4",
				"ok-03": "^1.4.5",
				"ok-04": "^3.0.0",
				"ok-05": "^3.0.4",
				"ok-06": "^3.1.5",
				"ok-07": "^3.3.1",
				"ok-08": "^3.3.4",
				"ok-09": "^1.0.0",
				"ok-10": "^4.0.1",
				"ok-11": "^5.1.4",
				"ok-12": "^13.4.4",
				"ok-13": "^13.4.2",
				"ok-14": "^13.4.2",
				"ok-15": "^13.23.4",
				"ok-16": "^13.23.0",
				"ok-17": "^2.3.0",
				"ok-18": "^3.3.0",
				"ok-19": "^2.3.0",
				"ok-20": "^3.3.0",
				"ng-01": "^2.2.2",
				"ng-02": "^3.2.2",
				"ng-03": "^3.3.2",
				"ng-04": "^3.3.3",
				"ng-05": "^3.3.2",
				"ng-06": "^3.3.2"
			}
		},
		"node_modules/ok-01": {
			"version": "3.3.3",
			"resolved": "https://hogehoge.org/ok-013.3.3.tgz",
			"dev": true
		},
		"node_modules/ok-02": {
			"version": "3.3.3",
			"resolved": "https://hogehoge.org/ok-023.3.3.tgz",
			"dev": true
		},
		"node_modules/ok-03": {
			"version": "3.3.3",
			"resolved": "https://hogehoge.org/ok-033.3.3.tgz",
			"dev": true
		},
		"node_modules/ok-04": {
			"version": "3.3.3",
			"resolved": "https://hogehoge.org/ok-043.3.3.tgz",
			"dev": true
		},
		"node_modules/ok-05": {
			"version": "3.3.3",
			"resolved": "https://hogehoge.org/ok-053.3.3.tgz",
			"dev": true
		},
		"node_modules/ok-06": {
			"version": "3.3.3",
			"resolved": "https://hogehoge.org/ok-063.3.3.tgz",
			"dev": true
		},
		"node_modules/ok-07": {
			"version": "3.3.3",
			"resolved": "https://hogehoge.org/ok-073.3.3.tgz",
			"dev": true
		},
		"node_modules/ok-08": {
			"version": "3.3.3",
			"resolved": "https://hogehoge.org/ok-083.3.3.tgz",
			"dev": true
		},
		"node_modules/ok-09": {
			"version": "3.3.3",
			"resolved": "https://hogehoge.org/ok-093.3.3.tgz",
			"dev": true
		},
		"node_modules/ok-10": {
			"version": "3.3.3",
			"resolved": "https://hogehoge.org/ok-103.3.3.tgz",
			"dev": true
		},
		"node_modules/ok-11": {
			"version": "3.3.3",
			"resolved": "https://hogehoge.org/ok-113.3.3.tgz",
			"dev": true
		},
		"node_modules/ok-12": {
			"version": "13.3.3",
			"resolved": "https://hogehoge.org/ok-1213.3.3.tgz",
			"dev": true
		},
		"node_modules/ok-13": {
			"version": "13.3.3",
			"resolved": "https://hogehoge.org/ok-1313.3.3.tgz",
			"dev": true
		},
		"node_modules/ok-14": {
			"version": "13.3.3",
			"resolved": "https://hogehoge.org/ok-1413.3.3.tgz",
			"dev": true
		},
		"node_modules/ok-15": {
			"version": "13.23.3",
			"resolved": "https://hogehoge.org/ok-1513.23.3.tgz",
			"dev": true
		},
		"node_modules/ok-16": {
			"version": "13.23.3",
			"resolved": "https://hogehoge.org/ok-1613.23.3.tgz",
			"dev": true
		},
		"node_modules/ok-17": {
			"version": "3.3.3.3",
			"resolved": "https://hogehoge.org/ok-173.3.3.3.tgz",
			"dev": true
		},
		"node_modules/ok-18": {
			"version": "3.3.3.3",
			"resolved": "https://hogehoge.org/ok-183.3.3.3.tgz",
			"dev": true
		},
		"node_modules/ok-19": {
			"version": "3.3.3-test",
			"resolved": "https://hogehoge.org/ok-193.3.3-test.tgz",
			"dev": true
		},
		"node_modules/ok-20": {
			"version": "3.3.3-test",
			"resolved": "https://hogehoge.org/ok-203.3.3-test.tgz",
			"dev": true
		},
		"node_modules/ng-01": {
			"version": "3.3.3",
			"resolved": "https://hogehoge.org/ng-013.3.3.tgz",
			"dev": true
		},
		"node_modules/ng-02": {
			"version": "3.3.3",
			"resolved": "https://hogehoge.org/ng-023.3.3.tgz",
			"dev": true
		},
		"node_modules/ng-03": {
			"version": "3.3.3",
			"resolved": "https://hogehoge.org/ng-033.3.3.tgz",
			"dev": true
		},
		"node_modules/ng-04": {
			"version": "3.3.3",
			"resolved": "https://hogehoge.org/ng-043.3.3.tgz",
			"dev": true
		},
		"node_modules/ng-05": {
			"version": "3.3.3",
			"resolved": "https://hogehoge.org/ng-053.3.3.tgz",
			"dev": true
		},
		"node_modules/ng-06": {
			"version": "3.3.3-test",
			"resolved": "https://hogehoge.org/ng-063.3.3-test.tgz",
			"dev": true
		}
	},
	"dependencies": {
		"ok-01": {
			"version": "3.3.3",
			"resolved": "https://hogehoge.org/ok-013.3.3.tgz",
			"dev": true
		},
		"ok-02": {
			"version": "3.3.3",
			"resolved": "https://hogehoge.org/ok-023.3.3.tgz",
			"dev": true
		},
		"ok-03": {
			"version": "3.3.3",
			"resolved": "https://hogehoge.org/ok-033.3.3.tgz",
			"dev": true
		},
		"ok-04": {
			"version": "3.3.3",
			"resolved": "https://hogehoge.org/ok-043.3.3.tgz",
			"dev": true
		},
		"ok-05": {
			"version": "3.3.3",
			"resolved": "https://hogehoge.org/ok-053.3.3.tgz",
			"dev": true
		},
		"ok-06": {
			"version": "3.3.3",
			"resolved": "https://hogehoge.org/ok-063.3.3.tgz",
			"dev": true
		},
		"ok-07": {
			"version": "3.3.3",
			"resolved": "https://hogehoge.org/ok-073.3.3.tgz",
			"dev": true
		},
		"ok-08": {
			"version": "3.3.3",
			"resolved": "https://hogehoge.org/ok-083.3.3.tgz",
			"dev": true
		},
		"ok-09": {
			"version": "3.3.3",
			"resolved": "https://hogehoge.org/ok-093.3.3.tgz",
			"dev": true
		},
		"ok-10": {
			"version": "3.3.3",
			"resolved": "https://hogehoge.org/ok-103.3.3.tgz",
			"dev": true
		},
		"ok-11": {
			"version": "3.3.3",
			"resolved": "https://hogehoge.org/ok-113.3.3.tgz",
			"dev": true
		},
		"ok-12": {
			"version": "13.3.3",
			"resolved": "https://hogehoge.org/ok-1213.3.3.tgz",
			"dev": true
		},
		"ok-13": {
			"version": "13.3.3",
			"resolved": "https://hogehoge.org/ok-1313.3.3.tgz",
			"dev": true
		},
		"ok-14": {
			"version": "13.3.3",
			"resolved": "https://hogehoge.org/ok-1413.3.3.tgz",
			"dev": true
		},
		"ok-15": {
			"version": "13.23.3",
			"resolved": "https://hogehoge.org/ok-1513.23.3.tgz",
			"dev": true
		},
		"ok-16": {
			"version": "13.23.3",
			"resolved": "https://hogehoge.org/ok-1613.23.3.tgz",
			"dev": true
		},
		"ok-17": {
			"version": "3.3.3.3",
			"resolved": "https://hogehoge.org/ok-173.3.3.3.tgz",
			"dev": true
		},
		"ok-18": {
			"version": "3.3.3.3",
			"resolved": "https://hogehoge.org/ok-183.3.3.3.tgz",
			"dev": true
		},
		"ok-19": {
			"version": "3.3.3-test",
			"resolved": "https://hogehoge.org/ok-193.3.3-test.tgz",
			"dev": true
		},
		"ok-20": {
			"version": "3.3.3-test",
			"resolved": "https://hogehoge.org/ok-203.3.3-test.tgz",
			"dev": true
		},
		"ng-01": {
			"version": "3.3.3",
			"resolved": "https://hogehoge.org/ng-013.3.3.tgz",
			"dev": true
		},
		"ng-02": {
			"version": "3.3.3",
			"resolved": "https://hogehoge.org/ng-023.3.3.tgz",
			"dev": true
		},
		"ng-03": {
			"version": "3.3.3",
			"resolved": "https://hogehoge.org/ng-033.3.3.tgz",
			"dev": true
		},
		"ng-04": {
			"version": "3.3.3",
			"resolved": "https://hogehoge.org/ng-043.3.3.tgz",
			"dev": true
		},
		"ng-05": {
			"version": "3.3.3",
			"resolved": "https://hogehoge.org/ng-053.3.3.tgz",
			"dev": true
		},
		"ng-06": {
			"version": "3.3.3-test",
			"resolved": "https://hogehoge.org/ng-063.3.3-test.tgz",
			"dev": true
		}
	}
}