{
	"name": "test-package-lock",
	"version": "0.0.1",
	"lockfileVersion": 2,
	"requires": true,
	"packages": {
		"": {
			"devDependencies": {
				"ok-01": "^1.2.0",
				"ok-02": "^1.0.0",
				"ok-03": "^1.0.2",
				"ok-04": "^1.4.4",
				"ok-05": "^1.4.5",
				"ok-06": "^3.0.0",
				"ok-07": "^3.0.2",
				"ok-08": "^3.0.4",
				"ok-09": "^3.1.5",
				"ok-10": "^3.3.1",
				"ok-11": "^3.3.4",
				"ok-12": "^4.2.1",
				"ok-13": "^4.4.4",
				"ok-14": "^4.4.6",
				"ok-15": "^4.0.1",
				"ok-16": "^5.1.2",
				"ok-17": "^13.4.4",
				"ok-18": "^13.4.5",
				"ok-19": "^13.4.2",
				"ok-20": "^13.4.2",
				"ok-21": "^2.3.0",
				"ok-22": "^3.3.0",
				"ok-23": "^2.3.0",
				"ok-24": "^3.3.0",
				"ng-01": "^2.2.2",
				"ng-02": "^3.2.2",
				"ng-03": "^3.3.2",
				"ng-04": "^3.3.3",
				"ng-05": "^3.3.2",
				"ng-06": "^3.3.2"
			}
		},
		"node_modules/ok-01": {
			"version": "3.3.3",
			"resolved": "https://hogehoge.org/ok-01_3.3.3.tgz",
			"dev": true
		},
		"node_modules/ok-02": {
			"version": "3.3.3",
			"resolved": "https://hogehoge.org/ok-02_3.3.3.tgz",
			"dev": true
		},
		"node_modules/ok-03": {
			"version": "3.3.3",
			"resolved": "https://hogehoge.org/ok-03_3.3.3.tgz",
			"dev": true
		},
		"node_modules/ok-04": {
			"version": "3.3.3",
			"resolved": "https://hogehoge.org/ok-04_3.3.3.tgz",
			"dev": true
		},
		"node_modules/ok-05": {
			"version": "3.3.3",
			"resolved": "https://hogehoge.org/ok-05_3.3.3.tgz",
			"dev": true
		},
		"node_modules/ok-06": {
			"version": "3.3.3",
			"resolved": "https://hogehoge.org/ok-06_3.3.3.tgz",
			"dev": true
		},
		"node_modules/ok-07": {
			"version": "3.3.3",
			"resolved": "https://hogehoge.org/ok-07_3.3.3.tgz",
			"dev": true
		},
		"node_modules/ok-08": {
			"version": "3.3.3",
			"resolved": "https://hogehoge.org/ok-08_3.3.3.tgz",
			"dev": true
		},
		"node_modules/ok-09": {
			"version": "3.3.3",
			"resolved": "https://hogehoge.org/ok-09_3.3.3.tgz",
			"dev": true
		},
		"node_modules/ok-10": {
			"version": "3.3.3",
			"resolved": "https://hogehoge.org/ok-10_3.3.3.tgz",
			"dev": true
		},
		"node_modules/ok-11": {
			"version": "3.3.3",
			"resolved": "https://hogehoge.org/ok-11_3.3.3.tgz",
			"dev": true
		},
		"node_modules/ok-12": {
			"version": "3.3.3",
			"resolved": "https://hogehoge.org/ok-12_3.3.3.tgz",
			"dev": true
		},
		"node_modules/ok-13": {
			"version": "3.3.3",
			"resolved": "https://hogehoge.org/ok-13_3.3.3.tgz",
			"dev": true
		},
		"node_modules/ok-14": {
			"version": "3.3.3",
			"resolved": "https://hogehoge.org/ok-14_3.3.3.tgz",
			"dev": true
		},
		"node_modules/ok-15": {
			"version": "3.3.3",
			"resolved": "https://hogehoge.org/ok-15_3.3.3.tgz",
			"dev": true
		},
		"node_modules/ok-16": {
			"version": "3.3.3",
			"resolved": "https://hogehoge.org/ok-16_3.3.3.tgz",
			"dev": true
		},
		"node_modules/ok-17": {
			"version": "13.3.3",
			"resolved": "https://hogehoge.org/ok-17_13.3.3.tgz",
			"dev": true
		},
		"node_modules/ok-18": {
			"version": "13.3.3",
			"resolved": "https://hogehoge.org/ok-18_13.3.3.tgz",
			"dev": true
		},
		"node_modules/ok-19": {
			"version": "13.3.3",
			"resolved": "https://hogehoge.org/ok-19_13.3.3.tgz",
			"dev": true
		},
		"node_modules/ok-20": {
			"version": "13.3.3",
			"resolved": "https://hogehoge.org/ok-20_13.3.3.tgz",
			"dev": true
		},
		"node_modules/ok-21": {
			"version": "3.3.3.3",
			"resolved": "https://hogehoge.org/ok-21_3.3.3.3.tgz",
			"dev": true
		},
		"node_modules/ok-22": {
			"version": "3.3.3.3",
			"resolved": "https://hogehoge.org/ok-22_3.3.3.3.tgz",
			"dev": true
		},
		"node_modules/ok-23": {
			"version": "3.3.3-test",
			"resolved": "https://hogehoge.org/ok-23_3.3.3-test.tgz",
			"dev": true
		},
		"node_modules/ok-24": {
			"version": "3.3.3-test",
			"resolved": "https://hogehoge.org/ok-24_3.3.3-test.tgz",
			"dev": true
		},
		"node_modules/ng-01": {
			"version": "3.3.3",
			"resolved": "https://hogehoge.org/ng-01_3.3.3.tgz",
			"dev": true
		},
		"node_modules/ng-02": {
			"version": "3.3.3",
			"resolved": "https://hogehoge.org/ng-02_3.3.3.tgz",
			"dev": true
		},
		"node_modules/ng-03": {
			"version": "3.3.3",
			"resolved": "https://hogehoge.org/ng-03_3.3.3.tgz",
			"dev": true
		},
		"node_modules/ng-04": {
			"version": "3.3.3",
			"resolved": "https://hogehoge.org/ng-04_3.3.3.tgz",
			"dev": true
		},
		"node_modules/ng-05": {
			"version": "3.3.3",
			"resolved": "https://hogehoge.org/ng-05_3.3.3.tgz",
			"dev": true
		},
		"node_modules/ng-06": {
			"version": "3.3.3-test",
			"resolved": "https://hogehoge.org/ng-06_3.3.3-test.tgz",
			"dev": true
		}
	},
	"dependencies": {
		"ok-01": {
			"version": "3.3.3",
			"resolved": "https://hogehoge.org/ok-01_3.3.3.tgz",
			"dev": true
		},
		"ok-02": {
			"version": "3.3.3",
			"resolved": "https://hogehoge.org/ok-02_3.3.3.tgz",
			"dev": true
		},
		"ok-03": {
			"version": "3.3.3",
			"resolved": "https://hogehoge.org/ok-03_3.3.3.tgz",
			"dev": true
		},
		"ok-04": {
			"version": "3.3.3",
			"resolved": "https://hogehoge.org/ok-04_3.3.3.tgz",
			"dev": true
		},
		"ok-05": {
			"version": "3.3.3",
			"resolved": "https://hogehoge.org/ok-05_3.3.3.tgz",
			"dev": true
		},
		"ok-06": {
			"version": "3.3.3",
			"resolved": "https://hogehoge.org/ok-06_3.3.3.tgz",
			"dev": true
		},
		"ok-07": {
			"version": "3.3.3",
			"resolved": "https://hogehoge.org/ok-07_3.3.3.tgz",
			"dev": true
		},
		"ok-08": {
			"version": "3.3.3",
			"resolved": "https://hogehoge.org/ok-08_3.3.3.tgz",
			"dev": true
		},
		"ok-09": {
			"version": "3.3.3",
			"resolved": "https://hogehoge.org/ok-09_3.3.3.tgz",
			"dev": true
		},
		"ok-10": {
			"version": "3.3.3",
			"resolved": "https://hogehoge.org/ok-10_3.3.3.tgz",
			"dev": true
		},
		"ok-11": {
			"version": "3.3.3",
			"resolved": "https://hogehoge.org/ok-11_3.3.3.tgz",
			"dev": true
		},
		"ok-12": {
			"version": "3.3.3",
			"resolved": "https://hogehoge.org/ok-12_3.3.3.tgz",
			"dev": true
		},
		"ok-13": {
			"version": "3.3.3",
			"resolved": "https://hogehoge.org/ok-13_3.3.3.tgz",
			"dev": true
		},
		"ok-14": {
			"version": "3.3.3",
			"resolved": "https://hogehoge.org/ok-14_3.3.3.tgz",
			"dev": true
		},
		"ok-15": {
			"version": "3.3.3",
			"resolved": "https://hogehoge.org/ok-15_3.3.3.tgz",
			"dev": true
		},
		"ok-16": {
			"version": "3.3.3",
			"resolved": "https://hogehoge.org/ok-16_3.3.3.tgz",
			"dev": true
		},
		"ok-17": {
			"version": "13.3.3",
			"resolved": "https://hogehoge.org/ok-17_13.3.3.tgz",
			"dev": true
		},
		"ok-18": {
			"version": "13.3.3",
			"resolved": "https://hogehoge.org/ok-18_13.3.3.tgz",
			"dev": true
		},
		"ok-19": {
			"version": "13.3.3",
			"resolved": "https://hogehoge.org/ok-19_13.3.3.tgz",
			"dev": true
		},
		"ok-20": {
			"version": "13.3.3",
			"resolved": "https://hogehoge.org/ok-20_13.3.3.tgz",
			"dev": true
		},
		"ok-21": {
			"version": "3.3.3.3",
			"resolved": "https://hogehoge.org/ok-21_3.3.3.3.tgz",
			"dev": true
		},
		"ok-22": {
			"version": "3.3.3.3",
			"resolved": "https://hogehoge.org/ok-22_3.3.3.3.tgz",
			"dev": true
		},
		"ok-23": {
			"version": "3.3.3-test",
			"resolved": "https://hogehoge.org/ok-23_3.3.3-test.tgz",
			"dev": true
		},
		"ok-24": {
			"version": "3.3.3-test",
			"resolved": "https://hogehoge.org/ok-24_3.3.3-test.tgz",
			"dev": true
		},
		"ng-01": {
			"version": "3.3.3",
			"resolved": "https://hogehoge.org/ng-01_3.3.3.tgz",
			"dev": true
		},
		"ng-02": {
			"version": "3.3.3",
			"resolved": "https://hogehoge.org/ng-02_3.3.3.tgz",
			"dev": true
		},
		"ng-03": {
			"version": "3.3.3",
			"resolved": "https://hogehoge.org/ng-03_3.3.3.tgz",
			"dev": true
		},
		"ng-04": {
			"version": "3.3.3",
			"resolved": "https://hogehoge.org/ng-04_3.3.3.tgz",
			"dev": true
		},
		"ng-05": {
			"version": "3.3.3",
			"resolved": "https://hogehoge.org/ng-05_3.3.3.tgz",
			"dev": true
		},
		"ng-06": {
			"version": "3.3.3-test",
			"resolved": "https://hogehoge.org/ng-06_3.3.3-test.tgz",
			"dev": true
		}
	}
}